
Microsoft Visual Studio Solution File, Format Version 12.00
# Visual Studio Version 16
VisualStudioVersion = 16.0.31205.134
MinimumVisualStudioVersion = 10.0.40219.1
Project("{FAE04EC0-301F-11D3-BF4B-00C04F79EFBC}") = "TransportProblem", "TransportProblem\TransportProblem.csproj", "{943D86FA-2548-4121-8C25-B1E229A710BF}"
EndProject
Global
	GlobalSection(SolutionConfigurationPlatforms) = preSolution
		Debug|Any CPU = Debug|Any CPU
		Release|Any CPU = Release|Any CPU
	EndGlobalSection
	GlobalSection(ProjectConfigurationPlatforms) = postSolution
		{943D86FA-2548-4121-8C25-B1E229A710BF}.Debug|Any CPU.ActiveCfg = Debug|Any CPU
		{943D86FA-2548-4121-8C25-B1E229A710BF}.Debug|Any CPU.Build.0 = Debug|Any CPU
		{943D86FA-2548-4121-8C25-B1E229A710BF}.Release|Any CPU.ActiveCfg = Release|Any CPU
		{943D86FA-2548-4121-8C25-B1E229A710BF}.Release|Any CPU.Build.0 = Release|Any CPU
	EndGlobalSection
	GlobalSection(SolutionProperties) = preSolution
		HideSolutionNode = FALSE
	EndGlobalSection
	GlobalSection(ExtensibilityGlobals) = postSolution
		SolutionGuid = {A20374D1-7069-439C-8C0A-614CD08AF6CF}
	EndGlobalSection
EndGlobal
