
Microsoft Visual Studio Solution File, Format Version 12.00
# Visual Studio Version 16
VisualStudioVersion = 16.0.31019.35
MinimumVisualStudioVersion = 10.0.40219.1
Project("{FAE04EC0-301F-11D3-BF4B-00C04F79EFBC}") = "JordanGausse", "JordanGausse\JordanGausse.csproj", "{92816AA6-07C9-4304-AEA5-C668661F2012}"
EndProject
Global
	GlobalSection(SolutionConfigurationPlatforms) = preSolution
		Debug|Any CPU = Debug|Any CPU
		Release|Any CPU = Release|Any CPU
	EndGlobalSection
	GlobalSection(ProjectConfigurationPlatforms) = postSolution
		{92816AA6-07C9-4304-AEA5-C668661F2012}.Debug|Any CPU.ActiveCfg = Debug|Any CPU
		{92816AA6-07C9-4304-AEA5-C668661F2012}.Debug|Any CPU.Build.0 = Debug|Any CPU
		{92816AA6-07C9-4304-AEA5-C668661F2012}.Release|Any CPU.ActiveCfg = Release|Any CPU
		{92816AA6-07C9-4304-AEA5-C668661F2012}.Release|Any CPU.Build.0 = Release|Any CPU
	EndGlobalSection
	GlobalSection(SolutionProperties) = preSolution
		HideSolutionNode = FALSE
	EndGlobalSection
	GlobalSection(ExtensibilityGlobals) = postSolution
		SolutionGuid = {BE3D20F3-C700-41DD-B596-56E184D8BD95}
	EndGlobalSection
EndGlobal
